
Microsoft Visual Studio Solution File, Format Version 12.00
# Visual Studio 15
VisualStudioVersion = 15.0.28307.902
MinimumVisualStudioVersion = 10.0.40219.1
Project("{FAE04EC0-301F-11D3-BF4B-00C04F79EFBC}") = "SingleAxis_NoMotor_SelectionSoftware", "SingleAxis_NoMotor_SelectionSoftware\SingleAxis_NoMotor_SelectionSoftware.csproj", "{22BE4B2A-5695-4C07-B3BC-2C9203976B4D}"
EndProject
Global
	GlobalSection(SolutionConfigurationPlatforms) = preSolution
		Debug|Any CPU = Debug|Any CPU
		Release|Any CPU = Release|Any CPU
	EndGlobalSection
	GlobalSection(ProjectConfigurationPlatforms) = postSolution
		{22BE4B2A-5695-4C07-B3BC-2C9203976B4D}.Debug|Any CPU.ActiveCfg = Debug|Any CPU
		{22BE4B2A-5695-4C07-B3BC-2C9203976B4D}.Debug|Any CPU.Build.0 = Debug|Any CPU
		{22BE4B2A-5695-4C07-B3BC-2C9203976B4D}.Release|Any CPU.ActiveCfg = Release|Any CPU
		{22BE4B2A-5695-4C07-B3BC-2C9203976B4D}.Release|Any CPU.Build.0 = Release|Any CPU
	EndGlobalSection
	GlobalSection(SolutionProperties) = preSolution
		HideSolutionNode = FALSE
	EndGlobalSection
	GlobalSection(ExtensibilityGlobals) = postSolution
		SolutionGuid = {1F64090D-9E07-42FB-A903-CA878B48FA34}
	EndGlobalSection
EndGlobal
